PODS:
  - IQKeyboardManagerSwift (6.5.5)
  - Realm (4.3.2):
    - Realm/Headers (= 4.3.2)
  - Realm/Headers (4.3.2)
  - RealmSwift (4.3.2):
    - Realm (= 4.3.2)
  - SnapKit (5.0.1)

DEPENDENCIES:
  - IQKeyboardManagerSwift
  - RealmSwift
  - SnapKit (~> 5.0.0)

SPEC REPOS:
  trunk:
    - IQKeyboardManagerSwift
    - Realm
    - RealmSwift
    - SnapKit

SPEC CHECKSUMS:
  IQKeyboardManagerSwift: 0fb93310284665245591f50f7a5e38de615960b7
  Realm: 5e92902e2875dff4bb0fd02f67bb737c3d5db2bc
  RealmSwift: 9a360fc7bae04fc2e308a34fbd899d5faa2d6b22
  SnapKit: 97b92857e3df3a0c71833cce143274bf6ef8e5eb

PODFILE CHECKSUM: 6491ac8422e2f5fd6bd67ebdf7036466ed6af7fd

COCOAPODS: 1.9.0
